
Microsoft Visual Studio Solution File, Format Version 12.00
# Visual Studio 15
VisualStudioVersion = 15.0.28010.2036
MinimumVisualStudioVersion = 10.0.40219.1
Project("{FAE04EC0-301F-11D3-BF4B-00C04F79EFBC}") = "NewsSystem.UI", "NewsSystem.UI\NewsSystem.UI.csproj", "{15B2187F-DE93-4922-AB0F-1E15C9ECB836}"
EndProject
Project("{FAE04EC0-301F-11D3-BF4B-00C04F79EFBC}") = "NewsSystem.Admin", "NewsSystem.Admin\NewsSystem.Admin.csproj", "{1219FA94-2696-46E3-979D-30C15E51F6D1}"
EndProject
Project("{FAE04EC0-301F-11D3-BF4B-00C04F79EFBC}") = "NewsSystem.Data", "NewsSystem.Data\NewsSystem.Data.csproj", "{158812B4-0976-4409-816A-B708209C3381}"
EndProject
Project("{FAE04EC0-301F-11D3-BF4B-00C04F79EFBC}") = "NewsSystem.Core", "NewsSystem.Core\NewsSystem.Core.csproj", "{C6543446-4264-4999-BB65-831873791641}"
EndProject
Project("{FAE04EC0-301F-11D3-BF4B-00C04F79EFBC}") = "NewsSystem.Service", "NewsSystem.Service\NewsSystem.Service.csproj", "{12D7DC3B-865E-4860-BA62-32D4B27A0F44}"
EndProject
Global
	GlobalSection(SolutionConfigurationPlatforms) = preSolution
		Debug|Any CPU = Debug|Any CPU
		Release|Any CPU = Release|Any CPU
	EndGlobalSection
	GlobalSection(ProjectConfigurationPlatforms) = postSolution
		{15B2187F-DE93-4922-AB0F-1E15C9ECB836}.Debug|Any CPU.ActiveCfg = Debug|Any CPU
		{15B2187F-DE93-4922-AB0F-1E15C9ECB836}.Debug|Any CPU.Build.0 = Debug|Any CPU
		{15B2187F-DE93-4922-AB0F-1E15C9ECB836}.Release|Any CPU.ActiveCfg = Release|Any CPU
		{15B2187F-DE93-4922-AB0F-1E15C9ECB836}.Release|Any CPU.Build.0 = Release|Any CPU
		{1219FA94-2696-46E3-979D-30C15E51F6D1}.Debug|Any CPU.ActiveCfg = Debug|Any CPU
		{1219FA94-2696-46E3-979D-30C15E51F6D1}.Debug|Any CPU.Build.0 = Debug|Any CPU
		{1219FA94-2696-46E3-979D-30C15E51F6D1}.Release|Any CPU.ActiveCfg = Release|Any CPU
		{1219FA94-2696-46E3-979D-30C15E51F6D1}.Release|Any CPU.Build.0 = Release|Any CPU
		{158812B4-0976-4409-816A-B708209C3381}.Debug|Any CPU.ActiveCfg = Debug|Any CPU
		{158812B4-0976-4409-816A-B708209C3381}.Debug|Any CPU.Build.0 = Debug|Any CPU
		{158812B4-0976-4409-816A-B708209C3381}.Release|Any CPU.ActiveCfg = Release|Any CPU
		{158812B4-0976-4409-816A-B708209C3381}.Release|Any CPU.Build.0 = Release|Any CPU
		{C6543446-4264-4999-BB65-831873791641}.Debug|Any CPU.ActiveCfg = Debug|Any CPU
		{C6543446-4264-4999-BB65-831873791641}.Debug|Any CPU.Build.0 = Debug|Any CPU
		{C6543446-4264-4999-BB65-831873791641}.Release|Any CPU.ActiveCfg = Release|Any CPU
		{C6543446-4264-4999-BB65-831873791641}.Release|Any CPU.Build.0 = Release|Any CPU
		{12D7DC3B-865E-4860-BA62-32D4B27A0F44}.Debug|Any CPU.ActiveCfg = Debug|Any CPU
		{12D7DC3B-865E-4860-BA62-32D4B27A0F44}.Debug|Any CPU.Build.0 = Debug|Any CPU
		{12D7DC3B-865E-4860-BA62-32D4B27A0F44}.Release|Any CPU.ActiveCfg = Release|Any CPU
		{12D7DC3B-865E-4860-BA62-32D4B27A0F44}.Release|Any CPU.Build.0 = Release|Any CPU
	EndGlobalSection
	GlobalSection(SolutionProperties) = preSolution
		HideSolutionNode = FALSE
	EndGlobalSection
	GlobalSection(ExtensibilityGlobals) = postSolution
		SolutionGuid = {07CA3FAD-9AEE-40CC-ABE4-63C53F389F29}
	EndGlobalSection
EndGlobal
